
Microsoft Visual Studio Solution File, Format Version 12.00
# Visual Studio Version 16
VisualStudioVersion = 16.0.31129.286
MinimumVisualStudioVersion = 10.0.40219.1
Project("{FAE04EC0-301F-11D3-BF4B-00C04F79EFBC}") = "HelloWorldDocker", "HelloWorldDocker\HelloWorldDocker.csproj", "{D8546DC9-7014-4034-96D9-CC59430C542E}"
EndProject
Project("{2150E333-8FDC-42A3-9474-1A3956D46DE8}") = "Solution Items", "Solution Items", "{6E294FFC-A017-4556-A73D-A364198A15D3}"
	ProjectSection(SolutionItems) = preProject
		README.md = README.md
	EndProjectSection
EndProject
Global
	GlobalSection(SolutionConfigurationPlatforms) = preSolution
		Debug|Any CPU = Debug|Any CPU
		Release|Any CPU = Release|Any CPU
	EndGlobalSection
	GlobalSection(ProjectConfigurationPlatforms) = postSolution
		{D8546DC9-7014-4034-96D9-CC59430C542E}.Debug|Any CPU.ActiveCfg = Debug|Any CPU
		{D8546DC9-7014-4034-96D9-CC59430C542E}.Debug|Any CPU.Build.0 = Debug|Any CPU
		{D8546DC9-7014-4034-96D9-CC59430C542E}.Release|Any CPU.ActiveCfg = Release|Any CPU
		{D8546DC9-7014-4034-96D9-CC59430C542E}.Release|Any CPU.Build.0 = Release|Any CPU
	EndGlobalSection
	GlobalSection(SolutionProperties) = preSolution
		HideSolutionNode = FALSE
	EndGlobalSection
	GlobalSection(ExtensibilityGlobals) = postSolution
		SolutionGuid = {91B8C56F-D169-4FF1-8C1F-92F264F43BFE}
	EndGlobalSection
EndGlobal
